
Microsoft Visual Studio Solution File, Format Version 12.00
# Visual Studio Express 2012 for Windows Desktop
Project("{F184B08F-C81C-45F6-A57F-5ABD9991F28F}") = "StudentEnrolmentForm", "StudentEnrolmentForm\StudentEnrolmentForm.vbproj", "{B54F28F2-EEFF-4D58-9CE9-6D7467EB1C70}"
EndProject
Global
	GlobalSection(SolutionConfigurationPlatforms) = preSolution
		Debug|Any CPU = Debug|Any CPU
		Release|Any CPU = Release|Any CPU
	EndGlobalSection
	GlobalSection(ProjectConfigurationPlatforms) = postSolution
		{B54F28F2-EEFF-4D58-9CE9-6D7467EB1C70}.Debug|Any CPU.ActiveCfg = Debug|Any CPU
		{B54F28F2-EEFF-4D58-9CE9-6D7467EB1C70}.Debug|Any CPU.Build.0 = Debug|Any CPU
		{B54F28F2-EEFF-4D58-9CE9-6D7467EB1C70}.Release|Any CPU.ActiveCfg = Release|Any CPU
		{B54F28F2-EEFF-4D58-9CE9-6D7467EB1C70}.Release|Any CPU.Build.0 = Release|Any CPU
	EndGlobalSection
	GlobalSection(SolutionProperties) = preSolution
		HideSolutionNode = FALSE
	EndGlobalSection
EndGlobal
