
Microsoft Visual Studio Solution File, Format Version 11.00
# Visual Studio 2010
Project("{F184B08F-C81C-45F6-A57F-5ABD9991F28F}") = "Week9_2", "Week9_2\Week9_2.vbproj", "{DE08B73D-7C28-4CC0-BB61-ADB76720F95D}"
EndProject
Global
	GlobalSection(SolutionConfigurationPlatforms) = preSolution
		Debug|x86 = Debug|x86
		Release|x86 = Release|x86
	EndGlobalSection
	GlobalSection(ProjectConfigurationPlatforms) = postSolution
		{DE08B73D-7C28-4CC0-BB61-ADB76720F95D}.Debug|x86.ActiveCfg = Debug|x86
		{DE08B73D-7C28-4CC0-BB61-ADB76720F95D}.Debug|x86.Build.0 = Debug|x86
		{DE08B73D-7C28-4CC0-BB61-ADB76720F95D}.Release|x86.ActiveCfg = Release|x86
		{DE08B73D-7C28-4CC0-BB61-ADB76720F95D}.Release|x86.Build.0 = Release|x86
	EndGlobalSection
	GlobalSection(SolutionProperties) = preSolution
		HideSolutionNode = FALSE
	EndGlobalSection
EndGlobal
